
Microsoft Visual Studio Solution File, Format Version 12.00
# Visual Studio Version 17
VisualStudioVersion = 17.0.31903.59
MinimumVisualStudioVersion = 10.0.40219.1
Project("{2150E333-8FDC-42A3-9474-1A3956D46DE8}") = "src", "src", "{827E0CD3-B72D-47B6-A68D-7590B98EB39B}"
EndProject
Project("{FAE04EC0-301F-11D3-BF4B-00C04F79EFBC}") = "Gymak.Domain", "src\Gymak.Domain\Gymak.Domain.csproj", "{4D22221B-B0EF-4E03-ABBD-F4B158E947FD}"
EndProject
Project("{FAE04EC0-301F-11D3-BF4B-00C04F79EFBC}") = "Gymak.Application", "src\Gymak.Application\Gymak.Application.csproj", "{AC05AACF-B071-4744-93C4-D8406A944BCC}"
EndProject
Project("{FAE04EC0-301F-11D3-BF4B-00C04F79EFBC}") = "Gymak.Infrastructure", "src\Gymak.Infrastructure\Gymak.Infrastructure.csproj", "{D1F17602-429F-46E7-ADAF-7B6365B09EF0}"
EndProject
Project("{FAE04EC0-301F-11D3-BF4B-00C04F79EFBC}") = "Gymak.Web", "src\Gymak.Web\Gymak.Web.csproj", "{B96A7A0E-B943-475E-BE38-F6822CD71049}"
EndProject
Global
	GlobalSection(SolutionConfigurationPlatforms) = preSolution
		Debug|Any CPU = Debug|Any CPU
		Debug|x64 = Debug|x64
		Debug|x86 = Debug|x86
		Release|Any CPU = Release|Any CPU
		Release|x64 = Release|x64
		Release|x86 = Release|x86
	EndGlobalSection
	GlobalSection(ProjectConfigurationPlatforms) = postSolution
		{4D22221B-B0EF-4E03-ABBD-F4B158E947FD}.Debug|Any CPU.ActiveCfg = Debug|Any CPU
		{4D22221B-B0EF-4E03-ABBD-F4B158E947FD}.Debug|Any CPU.Build.0 = Debug|Any CPU
		{4D22221B-B0EF-4E03-ABBD-F4B158E947FD}.Debug|x64.ActiveCfg = Debug|Any CPU
		{4D22221B-B0EF-4E03-ABBD-F4B158E947FD}.Debug|x64.Build.0 = Debug|Any CPU
		{4D22221B-B0EF-4E03-ABBD-F4B158E947FD}.Debug|x86.ActiveCfg = Debug|Any CPU
		{4D22221B-B0EF-4E03-ABBD-F4B158E947FD}.Debug|x86.Build.0 = Debug|Any CPU
		{4D22221B-B0EF-4E03-ABBD-F4B158E947FD}.Release|Any CPU.ActiveCfg = Release|Any CPU
		{4D22221B-B0EF-4E03-ABBD-F4B158E947FD}.Release|Any CPU.Build.0 = Release|Any CPU
		{4D22221B-B0EF-4E03-ABBD-F4B158E947FD}.Release|x64.ActiveCfg = Release|Any CPU
		{4D22221B-B0EF-4E03-ABBD-F4B158E947FD}.Release|x64.Build.0 = Release|Any CPU
		{4D22221B-B0EF-4E03-ABBD-F4B158E947FD}.Release|x86.ActiveCfg = Release|Any CPU
		{4D22221B-B0EF-4E03-ABBD-F4B158E947FD}.Release|x86.Build.0 = Release|Any CPU
		{AC05AACF-B071-4744-93C4-D8406A944BCC}.Debug|Any CPU.ActiveCfg = Debug|Any CPU
		{AC05AACF-B071-4744-93C4-D8406A944BCC}.Debug|Any CPU.Build.0 = Debug|Any CPU
		{AC05AACF-B071-4744-93C4-D8406A944BCC}.Debug|x64.ActiveCfg = Debug|Any CPU
		{AC05AACF-B071-4744-93C4-D8406A944BCC}.Debug|x64.Build.0 = Debug|Any CPU
		{AC05AACF-B071-4744-93C4-D8406A944BCC}.Debug|x86.ActiveCfg = Debug|Any CPU
		{AC05AACF-B071-4744-93C4-D8406A944BCC}.Debug|x86.Build.0 = Debug|Any CPU
		{AC05AACF-B071-4744-93C4-D8406A944BCC}.Release|Any CPU.ActiveCfg = Release|Any CPU
		{AC05AACF-B071-4744-93C4-D8406A944BCC}.Release|Any CPU.Build.0 = Release|Any CPU
		{AC05AACF-B071-4744-93C4-D8406A944BCC}.Release|x64.ActiveCfg = Release|Any CPU
		{AC05AACF-B071-4744-93C4-D8406A944BCC}.Release|x64.Build.0 = Release|Any CPU
		{AC05AACF-B071-4744-93C4-D8406A944BCC}.Release|x86.ActiveCfg = Release|Any CPU
		{AC05AACF-B071-4744-93C4-D8406A944BCC}.Release|x86.Build.0 = Release|Any CPU
		{D1F17602-429F-46E7-ADAF-7B6365B09EF0}.Debug|Any CPU.ActiveCfg = Debug|Any CPU
		{D1F17602-429F-46E7-ADAF-7B6365B09EF0}.Debug|Any CPU.Build.0 = Debug|Any CPU
		{D1F17602-429F-46E7-ADAF-7B6365B09EF0}.Debug|x64.ActiveCfg = Debug|Any CPU
		{D1F17602-429F-46E7-ADAF-7B6365B09EF0}.Debug|x64.Build.0 = Debug|Any CPU
		{D1F17602-429F-46E7-ADAF-7B6365B09EF0}.Debug|x86.ActiveCfg = Debug|Any CPU
		{D1F17602-429F-46E7-ADAF-7B6365B09EF0}.Debug|x86.Build.0 = Debug|Any CPU
		{D1F17602-429F-46E7-ADAF-7B6365B09EF0}.Release|Any CPU.ActiveCfg = Release|Any CPU
		{D1F17602-429F-46E7-ADAF-7B6365B09EF0}.Release|Any CPU.Build.0 = Release|Any CPU
		{D1F17602-429F-46E7-ADAF-7B6365B09EF0}.Release|x64.ActiveCfg = Release|Any CPU
		{D1F17602-429F-46E7-ADAF-7B6365B09EF0}.Release|x64.Build.0 = Release|Any CPU
		{D1F17602-429F-46E7-ADAF-7B6365B09EF0}.Release|x86.ActiveCfg = Release|Any CPU
		{D1F17602-429F-46E7-ADAF-7B6365B09EF0}.Release|x86.Build.0 = Release|Any CPU
		{B96A7A0E-B943-475E-BE38-F6822CD71049}.Debug|Any CPU.ActiveCfg = Debug|Any CPU
		{B96A7A0E-B943-475E-BE38-F6822CD71049}.Debug|Any CPU.Build.0 = Debug|Any CPU
		{B96A7A0E-B943-475E-BE38-F6822CD71049}.Debug|x64.ActiveCfg = Debug|Any CPU
		{B96A7A0E-B943-475E-BE38-F6822CD71049}.Debug|x64.Build.0 = Debug|Any CPU
		{B96A7A0E-B943-475E-BE38-F6822CD71049}.Debug|x86.ActiveCfg = Debug|Any CPU
		{B96A7A0E-B943-475E-BE38-F6822CD71049}.Debug|x86.Build.0 = Debug|Any CPU
		{B96A7A0E-B943-475E-BE38-F6822CD71049}.Release|Any CPU.ActiveCfg = Release|Any CPU
		{B96A7A0E-B943-475E-BE38-F6822CD71049}.Release|Any CPU.Build.0 = Release|Any CPU
		{B96A7A0E-B943-475E-BE38-F6822CD71049}.Release|x64.ActiveCfg = Release|Any CPU
		{B96A7A0E-B943-475E-BE38-F6822CD71049}.Release|x64.Build.0 = Release|Any CPU
		{B96A7A0E-B943-475E-BE38-F6822CD71049}.Release|x86.ActiveCfg = Release|Any CPU
		{B96A7A0E-B943-475E-BE38-F6822CD71049}.Release|x86.Build.0 = Release|Any CPU
	EndGlobalSection
	GlobalSection(SolutionProperties) = preSolution
		HideSolutionNode = FALSE
	EndGlobalSection
	GlobalSection(NestedProjects) = preSolution
		{4D22221B-B0EF-4E03-ABBD-F4B158E947FD} = {827E0CD3-B72D-47B6-A68D-7590B98EB39B}
		{AC05AACF-B071-4744-93C4-D8406A944BCC} = {827E0CD3-B72D-47B6-A68D-7590B98EB39B}
		{D1F17602-429F-46E7-ADAF-7B6365B09EF0} = {827E0CD3-B72D-47B6-A68D-7590B98EB39B}
		{B96A7A0E-B943-475E-BE38-F6822CD71049} = {827E0CD3-B72D-47B6-A68D-7590B98EB39B}
	EndGlobalSection
EndGlobal
